
Microsoft Visual Studio Solution File, Format Version 12.00
# Visual Studio Version 17
VisualStudioVersion = 17.2.32616.157
MinimumVisualStudioVersion = 10.0.40219.1
Project("{FAE04EC0-301F-11D3-BF4B-00C04F79EFBC}") = "IDEParts", "IDEParts\IDEParts.csproj", "{522C7CC5-10BC-490F-AC1A-F525B5631F5F}"
EndProject
Global
	GlobalSection(SolutionConfigurationPlatforms) = preSolution
		Debug|Any CPU = Debug|Any CPU
		Release|Any CPU = Release|Any CPU
	EndGlobalSection
	GlobalSection(ProjectConfigurationPlatforms) = postSolution
		{522C7CC5-10BC-490F-AC1A-F525B5631F5F}.Debug|Any CPU.ActiveCfg = Debug|Any CPU
		{522C7CC5-10BC-490F-AC1A-F525B5631F5F}.Debug|Any CPU.Build.0 = Debug|Any CPU
		{522C7CC5-10BC-490F-AC1A-F525B5631F5F}.Release|Any CPU.ActiveCfg = Release|Any CPU
		{522C7CC5-10BC-490F-AC1A-F525B5631F5F}.Release|Any CPU.Build.0 = Release|Any CPU
	EndGlobalSection
	GlobalSection(SolutionProperties) = preSolution
		HideSolutionNode = FALSE
	EndGlobalSection
	GlobalSection(ExtensibilityGlobals) = postSolution
		SolutionGuid = {3AFBF37B-5421-4ED8-83FF-2B5C87124EA2}
	EndGlobalSection
EndGlobal
